
Microsoft Visual Studio Solution File, Format Version 12.00
# Visual Studio Version 16
VisualStudioVersion = 16.0.30225.117
MinimumVisualStudioVersion = 10.0.40219.1
Project("{9A19103F-16F7-4668-BE54-9A1E7A4F7556}") = "SE4Autism.HighScoreTracker", "SE4Autism.HighScoreTracker\SE4Autism.HighScoreTracker.csproj", "{4739AC01-4084-4FF5-BDE5-95217B91FC78}"
EndProject
Project("{9A19103F-16F7-4668-BE54-9A1E7A4F7556}") = "SE4Autism.HighScoreTracker.Database", "SE4Autism.HighScoreTracker.Database\SE4Autism.HighScoreTracker.Database.csproj", "{31FD3247-855F-4E54-B96C-5CE51F2FC9ED}"
EndProject
Global
	GlobalSection(SolutionConfigurationPlatforms) = preSolution
		Debug|Any CPU = Debug|Any CPU
		Release|Any CPU = Release|Any CPU
	EndGlobalSection
	GlobalSection(ProjectConfigurationPlatforms) = postSolution
		{4739AC01-4084-4FF5-BDE5-95217B91FC78}.Debug|Any CPU.ActiveCfg = Debug|Any CPU
		{4739AC01-4084-4FF5-BDE5-95217B91FC78}.Debug|Any CPU.Build.0 = Debug|Any CPU
		{4739AC01-4084-4FF5-BDE5-95217B91FC78}.Release|Any CPU.ActiveCfg = Release|Any CPU
		{4739AC01-4084-4FF5-BDE5-95217B91FC78}.Release|Any CPU.Build.0 = Release|Any CPU
		{31FD3247-855F-4E54-B96C-5CE51F2FC9ED}.Debug|Any CPU.ActiveCfg = Debug|Any CPU
		{31FD3247-855F-4E54-B96C-5CE51F2FC9ED}.Debug|Any CPU.Build.0 = Debug|Any CPU
		{31FD3247-855F-4E54-B96C-5CE51F2FC9ED}.Release|Any CPU.ActiveCfg = Release|Any CPU
		{31FD3247-855F-4E54-B96C-5CE51F2FC9ED}.Release|Any CPU.Build.0 = Release|Any CPU
	EndGlobalSection
	GlobalSection(SolutionProperties) = preSolution
		HideSolutionNode = FALSE
	EndGlobalSection
	GlobalSection(ExtensibilityGlobals) = postSolution
		SolutionGuid = {41BEB1BD-E50B-4AE6-8231-824E3FB3B23C}
	EndGlobalSection
EndGlobal
